
Microsoft Visual Studio Solution File, Format Version 12.00
# Visual Studio Version 17
VisualStudioVersion = 17.11.35208.52
MinimumVisualStudioVersion = 10.0.40219.1
Project("{9A19103F-16F7-4668-BE54-9A1E7A4F7556}") = "Sputnik", "Sputnik.csproj", "{7A5A949E-9418-476F-92A2-FA0FC5A38C28}"
EndProject
Project("{9A19103F-16F7-4668-BE54-9A1E7A4F7556}") = "Sputnik.Tests", "..\Sputnik.Tests\Sputnik.Tests.csproj", "{9E20E32C-373E-4E75-888E-F70A1B41DA7C}"
EndProject
Global
	GlobalSection(SolutionConfigurationPlatforms) = preSolution
		Debug|Any CPU = Debug|Any CPU
		Release|Any CPU = Release|Any CPU
	EndGlobalSection
	GlobalSection(ProjectConfigurationPlatforms) = postSolution
		{7A5A949E-9418-476F-92A2-FA0FC5A38C28}.Debug|Any CPU.ActiveCfg = Debug|Any CPU
		{7A5A949E-9418-476F-92A2-FA0FC5A38C28}.Debug|Any CPU.Build.0 = Debug|Any CPU
		{7A5A949E-9418-476F-92A2-FA0FC5A38C28}.Release|Any CPU.ActiveCfg = Release|Any CPU
		{7A5A949E-9418-476F-92A2-FA0FC5A38C28}.Release|Any CPU.Build.0 = Release|Any CPU
		{9E20E32C-373E-4E75-888E-F70A1B41DA7C}.Debug|Any CPU.ActiveCfg = Debug|Any CPU
		{9E20E32C-373E-4E75-888E-F70A1B41DA7C}.Debug|Any CPU.Build.0 = Debug|Any CPU
		{9E20E32C-373E-4E75-888E-F70A1B41DA7C}.Release|Any CPU.ActiveCfg = Release|Any CPU
		{9E20E32C-373E-4E75-888E-F70A1B41DA7C}.Release|Any CPU.Build.0 = Release|Any CPU
	EndGlobalSection
	GlobalSection(SolutionProperties) = preSolution
		HideSolutionNode = FALSE
	EndGlobalSection
	GlobalSection(ExtensibilityGlobals) = postSolution
		SolutionGuid = {B64259FF-5A7B-4B7E-A3B4-534FA3E2A62C}
	EndGlobalSection
EndGlobal
